// !$*UTF8*$!
{
	archiveVersion = 1;
	classes = {
	};
	objectVersion = 56;
	objects = {

/* Begin PBXBuildFile section */
		DB3595242BA4FBEA008E8454 /* AppDelegate.swift in Sources */ = {isa = PBXBuildFile; fileRef = DB3595232BA4FBEA008E8454 /* AppDelegate.swift */; };
		DB3595262BA4FBEA008E8454 /* SceneDelegate.swift in Sources */ = {isa = PBXBuildFile; fileRef = DB3595252BA4FBEA008E8454 /* SceneDelegate.swift */; };
		DB3595282BA4FBEA008E8454 /* ViewController.swift in Sources */ = {isa = PBXBuildFile; fileRef = DB3595272BA4FBEA008E8454 /* ViewController.swift */; };
		DB35952B2BA4FBEA008E8454 /* Base in Resources */ = {isa = PBXBuildFile; fileRef = DB35952A2BA4FBEA008E8454 /* Base */; };
		DB35952D2BA4FBEC008E8454 /* Assets.xcassets in Resources */ = {isa = PBXBuildFile; fileRef = DB35952C2BA4FBEC008E8454 /* Assets.xcassets */; };
		DB3595302BA4FBEC008E8454 /* Base in Resources */ = {isa = PBXBuildFile; fileRef = DB35952F2BA4FBEC008E8454 /* Base */; };
		DB35953B2BA4FBEC008E8454 /* Meal_TrackerTests.swift in Sources */ = {isa = PBXBuildFile; fileRef = DB35953A2BA4FBEC008E8454 /* Meal_TrackerTests.swift */; };
		DB3595452BA4FBEC008E8454 /* Meal_TrackerUITests.swift in Sources */ = {isa = PBXBuildFile; fileRef = DB3595442BA4FBEC008E8454 /* Meal_TrackerUITests.swift */; };
		DB3595472BA4FBEC008E8454 /* Meal_TrackerUITestsLaunchTests.swift in Sources */ = {isa = PBXBuildFile; fileRef = DB3595462BA4FBEC008E8454 /* Meal_TrackerUITestsLaunchTests.swift */; };
/* End PBXBuildFile section */

/* Begin PBXContainerItemProxy section */
		DB3595372BA4FBEC008E8454 /* PBXContainerItemProxy */ = {
			isa = PBXContainerItemProxy;
			containerPortal = DB3595182BA4FBEA008E8454 /* Project object */;
			proxyType = 1;
			remoteGlobalIDString = DB35951F2BA4FBEA008E8454;
			remoteInfo = "Meal Tracker";
		};
		DB3595412BA4FBEC008E8454 /* PBXContainerItemProxy */ = {
			isa = PBXContainerItemProxy;
			containerPortal = DB3595182BA4FBEA008E8454 /* Project object */;
			proxyType = 1;
			remoteGlobalIDString = DB35951F2BA4FBEA008E8454;
			remoteInfo = "Meal Tracker";
		};
/* End PBXContainerItemProxy section */

/* Begin PBXFileReference section */
		DB3595202BA4FBEA008E8454 /* Meal Tracker.app */ = {isa = PBXFileReference; explicitFileType = wrapper.application; includeInIndex = 0; path = "Meal Tracker.app"; sourceTree = BUILT_PRODUCTS_DIR; };
		DB3595232BA4FBEA008E8454 /* AppDelegate.swift */ = {isa = PBXFileReference; lastKnownFileType = sourcecode.swift; path = AppDelegate.swift; sourceTree = "<group>"; };
		DB3595252BA4FBEA008E8454 /* SceneDelegate.swift */ = {isa = PBXFileReference; lastKnownFileType = sourcecode.swift; path = SceneDelegate.swift; sourceTree = "<group>"; };
		DB3595272BA4FBEA008E8454 /* ViewController.swift */ = {isa = PBXFileReference; lastKnownFileType = sourcecode.swift; path = ViewController.swift; sourceTree = "<group>"; };
		DB35952A2BA4FBEA008E8454 /* Base */ = {isa = PBXFileReference; lastKnownFileType = file.storyboard; name = Base; path = Base.lproj/Main.storyboard; sourceTree = "<group>"; };
		DB35952C2BA4FBEC008E8454 /* Assets.xcassets */ = {isa = PBXFileReference; lastKnownFileType = folder.assetcatalog; path = Assets.xcassets; sourceTree = "<group>"; };
		DB35952F2BA4FBEC008E8454 /* Base */ = {isa = PBXFileReference; lastKnownFileType = file.storyboard; name = Base; path = Base.lproj/LaunchScreen.storyboard; sourceTree = "<group>"; };
		DB3595312BA4FBEC008E8454 /* Info.plist */ = {isa = PBXFileReference; lastKnownFileType = text.plist.xml; path = Info.plist; sourceTree = "<group>"; };
		DB3595362BA4FBEC008E8454 /* Meal TrackerTests.xctest */ = {isa = PBXFileReference; explicitFileType = wrapper.cfbundle; includeInIndex = 0; path = "Meal TrackerTests.xctest"; sourceTree = BUILT_PRODUCTS_DIR; };
		DB35953A2BA4FBEC008E8454 /* Meal_TrackerTests.swift */ = {isa = PBXFileReference; lastKnownFileType = sourcecode.swift; path = Meal_TrackerTests.swift; sourceTree = "<group>"; };
		DB3595402BA4FBEC008E8454 /* Meal TrackerUITests.xctest */ = {isa = PBXFileReference; explicitFileType = wrapper.cfbundle; includeInIndex = 0; path = "Meal TrackerUITests.xctest"; sourceTree = BUILT_PRODUCTS_DIR; };
		DB3595442BA4FBEC008E8454 /* Meal_TrackerUITests.swift */ = {isa = PBXFileReference; lastKnownFileType = sourcecode.swift; path = Meal_TrackerUITests.swift; sourceTree = "<group>"; };
		DB3595462BA4FBEC008E8454 /* Meal_TrackerUITestsLaunchTests.swift */ = {isa = PBXFileReference; lastKnownFileType = sourcecode.swift; path = Meal_TrackerUITestsLaunchTests.swift; sourceTree = "<group>"; };
/* End PBXFileReference section */

/* Begin PBXFrameworksBuildPhase section */
		DB35951D2BA4FBEA008E8454 /* Frameworks */ = {
			isa = PBXFrameworksBuildPhase;
			buildActionMask = 2147483647;
			files = (
			);
			runOnlyForDeploymentPostprocessing = 0;
		};
		DB3595332BA4FBEC008E8454 /* Frameworks */ = {
			isa = PBXFrameworksBuildPhase;
			buildActionMask = 2147483647;
			files = (
			);
			runOnlyForDeploymentPostprocessing = 0;
		};
		DB35953D2BA4FBEC008E8454 /* Frameworks */ = {
			isa = PBXFrameworksBuildPhase;
			buildActionMask = 2147483647;
			files = (
			);
			runOnlyForDeploymentPostprocessing = 0;
		};
/* End PBXFrameworksBuildPhase section */

/* Begin PBXGroup section */
		DB3595172BA4FBEA008E8454 = {
			isa = PBXGroup;
			children = (
				DB3595222BA4FBEA008E8454 /* Meal Tracker */,
				DB3595392BA4FBEC008E8454 /* Meal TrackerTests */,
				DB3595432BA4FBEC008E8454 /* Meal TrackerUITests */,
				DB3595212BA4FBEA008E8454 /* Products */,
			);
			sourceTree = "<group>";
		};
		DB3595212BA4FBEA008E8454 /* Products */ = {
			isa = PBXGroup;
			children = (
				DB3595202BA4FBEA008E8454 /* Meal Tracker.app */,
				DB3595362BA4FBEC008E8454 /* Meal TrackerTests.xctest */,
				DB3595402BA4FBEC008E8454 /* Meal TrackerUITests.xctest */,
			);
			name = Products;
			sourceTree = "<group>";
		};
		DB3595222BA4FBEA008E8454 /* Meal Tracker */ = {
			isa = PBXGroup;
			children = (
				DB3595232BA4FBEA008E8454 /* AppDelegate.swift */,
				DB3595252BA4FBEA008E8454 /* SceneDelegate.swift */,
				DB3595272BA4FBEA008E8454 /* ViewController.swift */,
				DB3595292BA4FBEA008E8454 /* Main.storyboard */,
				DB35952C2BA4FBEC008E8454 /* Assets.xcassets */,
				DB35952E2BA4FBEC008E8454 /* LaunchScreen.storyboard */,
				DB3595312BA4FBEC008E8454 /* Info.plist */,
			);
			path = "Meal Tracker";
			sourceTree = "<group>";
		};
		DB3595392BA4FBEC008E8454 /* Meal TrackerTests */ = {
			isa = PBXGroup;
			children = (
				DB35953A2BA4FBEC008E8454 /* Meal_TrackerTests.swift */,
			);
			path = "Meal TrackerTests";
			sourceTree = "<group>";
		};
		DB3595432BA4FBEC008E8454 /* Meal TrackerUITests */ = {
			isa = PBXGroup;
			children = (
				DB3595442BA4FBEC008E8454 /* Meal_TrackerUITests.swift */,
				DB3595462BA4FBEC008E8454 /* Meal_TrackerUITestsLaunchTests.swift */,
			);
			path = "Meal TrackerUITests";
			sourceTree = "<group>";
		};
/* End PBXGroup section */

/* Begin PBXNativeTarget section */
		DB35951F2BA4FBEA008E8454 /* Meal Tracker */ = {
			isa = PBXNativeTarget;
			buildConfigurationList = DB35954A2BA4FBEC008E8454 /* Build configuration list for PBXNativeTarget "Meal Tracker" */;
			buildPhases = (
				DB35951C2BA4FBEA008E8454 /* Sources */,
				DB35951D2BA4FBEA008E8454 /* Frameworks */,
				DB35951E2BA4FBEA008E8454 /* Resources */,
			);
			buildRules = (
			);
			dependencies = (
			);
			name = "Meal Tracker";
			productName = "Meal Tracker";
			productReference = DB3595202BA4FBEA008E8454 /* Meal Tracker.app */;
			productType = "com.apple.product-type.application";
		};
		DB3595352BA4FBEC008E8454 /* Meal TrackerTests */ = {
			isa = PBXNativeTarget;
			buildConfigurationList = DB35954D2BA4FBEC008E8454 /* Build configuration list for PBXNativeTarget "Meal TrackerTests" */;
			buildPhases = (
				DB3595322BA4FBEC008E8454 /* Sources */,
				DB3595332BA4FBEC008E8454 /* Frameworks */,
				DB3595342BA4FBEC008E8454 /* Resources */,
			);
			buildRules = (
			);
			dependencies = (
				DB3595382BA4FBEC008E8454 /* PBXTargetDependency */,
			);
			name = "Meal TrackerTests";
			productName = "Meal TrackerTests";
			productReference = DB3595362BA4FBEC008E8454 /* Meal TrackerTests.xctest */;
			productType = "com.apple.product-type.bundle.unit-test";
		};
		DB35953F2BA4FBEC008E8454 /* Meal TrackerUITests */ = {
			isa = PBXNativeTarget;
			buildConfigurationList = DB3595502BA4FBEC008E8454 /* Build configuration list for PBXNativeTarget "Meal TrackerUITests" */;
			buildPhases = (
				DB35953C2BA4FBEC008E8454 /* Sources */,
				DB35953D2BA4FBEC008E8454 /* Frameworks */,
				DB35953E2BA4FBEC008E8454 /* Resources */,
			);
			buildRules = (
			);
			dependencies = (
				DB3595422BA4FBEC008E8454 /* PBXTargetDependency */,
			);
			name = "Meal TrackerUITests";
			productName = "Meal TrackerUITests";
			productReference = DB3595402BA4FBEC008E8454 /* Meal TrackerUITests.xctest */;
			productType = "com.apple.product-type.bundle.ui-testing";
		};
/* End PBXNativeTarget section */

/* Begin PBXProject section */
		DB3595182BA4FBEA008E8454 /* Project object */ = {
			isa = PBXProject;
			attributes = {
				BuildIndependentTargetsInParallel = 1;
				LastSwiftUpdateCheck = 1530;
				LastUpgradeCheck = 1530;
				TargetAttributes = {
					DB35951F2BA4FBEA008E8454 = {
						CreatedOnToolsVersion = 15.3;
					};
					DB3595352BA4FBEC008E8454 = {
						CreatedOnToolsVersion = 15.3;
						TestTargetID = DB35951F2BA4FBEA008E8454;
					};
					DB35953F2BA4FBEC008E8454 = {
						CreatedOnToolsVersion = 15.3;
						TestTargetID = DB35951F2BA4FBEA008E8454;
					};
				};
			};
			buildConfigurationList = DB35951B2BA4FBEA008E8454 /* Build configuration list for PBXProject "Meal Tracker" */;
			compatibilityVersion = "Xcode 14.0";
			developmentRegion = en;
			hasScannedForEncodings = 0;
			knownRegions = (
				en,
				Base,
			);
			mainGroup = DB3595172BA4FBEA008E8454;
			productRefGroup = DB3595212BA4FBEA008E8454 /* Products */;
			projectDirPath = "";
			projectRoot = "";
			targets = (
				DB35951F2BA4FBEA008E8454 /* Meal Tracker */,
				DB3595352BA4FBEC008E8454 /* Meal TrackerTests */,
				DB35953F2BA4FBEC008E8454 /* Meal TrackerUITests */,
			);
		};
/* End PBXProject section */

/* Begin PBXResourcesBuildPhase section */
		DB35951E2BA4FBEA008E8454 /* Resources */ = {
			isa = PBXResourcesBuildPhase;
			buildActionMask = 2147483647;
			files = (
				DB35952D2BA4FBEC008E8454 /* Assets.xcassets in Resources */,
				DB3595302BA4FBEC008E8454 /* Base in Resources */,
				DB35952B2BA4FBEA008E8454 /* Base in Resources */,
			);
			runOnlyForDeploymentPostprocessing = 0;
		};
		DB3595342BA4FBEC008E8454 /* Resources */ = {
			isa = PBXResourcesBuildPhase;
			buildActionMask = 2147483647;
			files = (
			);
			runOnlyForDeploymentPostprocessing = 0;
		};
		DB35953E2BA4FBEC008E8454 /* Resources */ = {
			isa = PBXResourcesBuildPhase;
			buildActionMask = 2147483647;
			files = (
			);
			runOnlyForDeploymentPostprocessing = 0;
		};
/* End PBXResourcesBuildPhase section */

/* Begin PBXSourcesBuildPhase section */
		DB35951C2BA4FBEA008E8454 /* Sources */ = {
			isa = PBXSourcesBuildPhase;
			buildActionMask = 2147483647;
			files = (
				DB3595282BA4FBEA008E8454 /* ViewController.swift in Sources */,
				DB3595242BA4FBEA008E8454 /* AppDelegate.swift in Sources */,
				DB3595262BA4FBEA008E8454 /* SceneDelegate.swift in Sources */,
			);
			runOnlyForDeploymentPostprocessing = 0;
		};
		DB3595322BA4FBEC008E8454 /* Sources */ = {
			isa = PBXSourcesBuildPhase;
			buildActionMask = 2147483647;
			files = (
				DB35953B2BA4FBEC008E8454 /* Meal_TrackerTests.swift in Sources */,
			);
			runOnlyForDeploymentPostprocessing = 0;
		};
		DB35953C2BA4FBEC008E8454 /* Sources */ = {
			isa = PBXSourcesBuildPhase;
			buildActionMask = 2147483647;
			files = (
				DB3595472BA4FBEC008E8454 /* Meal_TrackerUITestsLaunchTests.swift in Sources */,
				DB3595452BA4FBEC008E8454 /* Meal_TrackerUITests.swift in Sources */,
			);
			runOnlyForDeploymentPostprocessing = 0;
		};
/* End PBXSourcesBuildPhase section */

/* Begin PBXTargetDependency section */
		DB3595382BA4FBEC008E8454 /* PBXTargetDependency */ = {
			isa = PBXTargetDependency;
			target = DB35951F2BA4FBEA008E8454 /* Meal Tracker */;
			targetProxy = DB3595372BA4FBEC008E8454 /* PBXContainerItemProxy */;
		};
		DB3595422BA4FBEC008E8454 /* PBXTargetDependency */ = {
			isa = PBXTargetDependency;
			target = DB35951F2BA4FBEA008E8454 /* Meal Tracker */;
			targetProxy = DB3595412BA4FBEC008E8454 /* PBXContainerItemProxy */;
		};
/* End PBXTargetDependency section */

/* Begin PBXVariantGroup section */
		DB3595292BA4FBEA008E8454 /* Main.storyboard */ = {
			isa = PBXVariantGroup;
			children = (
				DB35952A2BA4FBEA008E8454 /* Base */,
			);
			name = Main.storyboard;
			sourceTree = "<group>";
		};
		DB35952E2BA4FBEC008E8454 /* LaunchScreen.storyboard */ = {
			isa = PBXVariantGroup;
			children = (
				DB35952F2BA4FBEC008E8454 /* Base */,
			);
			name = LaunchScreen.storyboard;
			sourceTree = "<group>";
		};
/* End PBXVariantGroup section */

/* Begin XCBuildConfiguration section */
		DB3595482BA4FBEC008E8454 /* Debug */ = {
			isa = XCBuildConfiguration;
			buildSettings = {
				ALWAYS_SEARCH_USER_PATHS = NO;
				ASSETCATALOG_COMPILER_GENERATE_SWIFT_ASSET_SYMBOL_EXTENSIONS = YES;
				CLANG_ANALYZER_NONNULL = YES;
				CLANG_ANALYZER_NUMBER_OBJECT_CONVERSION = YES_AGGRESSIVE;
				CLANG_CXX_LANGUAGE_STANDARD = "gnu++20";
				CLANG_ENABLE_MODULES = YES;
				CLANG_ENABLE_OBJC_ARC = YES;
				CLANG_ENABLE_OBJC_WEAK = YES;
				CLANG_WARN_BLOCK_CAPTURE_AUTORELEASING = YES;
				CLANG_WARN_BOOL_CONVERSION = YES;
				CLANG_WARN_COMMA = YES;
				CLANG_WARN_CONSTANT_CONVERSION = YES;
				CLANG_WARN_DEPRECATED_OBJC_IMPLEMENTATIONS = YES;
				CLANG_WARN_DIRECT_OBJC_ISA_USAGE = YES_ERROR;
				CLANG_WARN_DOCUMENTATION_COMMENTS = YES;
				CLANG_WARN_EMPTY_BODY = YES;
				CLANG_WARN_ENUM_CONVERSION = YES;
				CLANG_WARN_INFINITE_RECURSION = YES;
				CLANG_WARN_INT_CONVERSION = YES;
				CLANG_WARN_NON_LITERAL_NULL_CONVERSION = YES;
				CLANG_WARN_OBJC_IMPLICIT_RETAIN_SELF = YES;
				CLANG_WARN_OBJC_LITERAL_CONVERSION = YES;
				CLANG_WARN_OBJC_ROOT_CLASS = YES_ERROR;
				CLANG_WARN_QUOTED_INCLUDE_IN_FRAMEWORK_HEADER = YES;
				CLANG_WARN_RANGE_LOOP_ANALYSIS = YES;
				CLANG_WARN_STRICT_PROTOTYPES = YES;
				CLANG_WARN_SUSPICIOUS_MOVE = YES;
				CLANG_WARN_UNGUARDED_AVAILABILITY = YES_AGGRESSIVE;
				CLANG_WARN_UNREACHABLE_CODE = YES;
				CLANG_WARN__DUPLICATE_METHOD_MATCH = YES;
				COPY_PHASE_STRIP = NO;
				DEBUG_INFORMATION_FORMAT = dwarf;
				ENABLE_STRICT_OBJC_MSGSEND = YES;
				ENABLE_TESTABILITY = YES;
				ENABLE_USER_SCRIPT_SANDBOXING = YES;
				GCC_C_LANGUAGE_STANDARD = gnu17;
				GCC_DYNAMIC_NO_PIC = NO;
				GCC_NO_COMMON_BLOCKS = YES;
				GCC_OPTIMIZATION_LEVEL = 0;
				GCC_PREPROCESSOR_DEFINITIONS = (
					"DEBUG=1",
					"$(inherited)",
				);
				GCC_WARN_64_TO_32_BIT_CONVERSION = YES;
				GCC_WARN_ABOUT_RETURN_TYPE = YES_ERROR;
				GCC_WARN_UNDECLARED_SELECTOR = YES;
				GCC_WARN_UNINITIALIZED_AUTOS = YES_AGGRESSIVE;
				GCC_WARN_UNUSED_FUNCTION = YES;
				GCC_WARN_UNUSED_VARIABLE = YES;
				IPHONEOS_DEPLOYMENT_TARGET = 17.4;
				LOCALIZATION_PREFERS_STRING_CATALOGS = YES;
				MTL_ENABLE_DEBUG_INFO = INCLUDE_SOURCE;
				MTL_FAST_MATH = YES;
				ONLY_ACTIVE_ARCH = YES;
				SDKROOT = iphoneos;
				SWIFT_ACTIVE_COMPILATION_CONDITIONS = "DEBUG $(inherited)";
				SWIFT_OPTIMIZATION_LEVEL = "-Onone";
			};
			name = Debug;
		};
		DB3595492BA4FBEC008E8454 /* Release */ = {
			isa = XCBuildConfiguration;
			buildSettings = {
				ALWAYS_SEARCH_USER_PATHS = NO;
				ASSETCATALOG_COMPILER_GENERATE_SWIFT_ASSET_SYMBOL_EXTENSIONS = YES;
				CLANG_ANALYZER_NONNULL = YES;
				CLANG_ANALYZER_NUMBER_OBJECT_CONVERSION = YES_AGGRESSIVE;
				CLANG_CXX_LANGUAGE_STANDARD = "gnu++20";
				CLANG_ENABLE_MODULES = YES;
				CLANG_ENABLE_OBJC_ARC = YES;
				CLANG_ENABLE_OBJC_WEAK = YES;
				CLANG_WARN_BLOCK_CAPTURE_AUTORELEASING = YES;
				CLANG_WARN_BOOL_CONVERSION = YES;
				CLANG_WARN_COMMA = YES;
				CLANG_WARN_CONSTANT_CONVERSION = YES;
				CLANG_WARN_DEPRECATED_OBJC_IMPLEMENTATIONS = YES;
				CLANG_WARN_DIRECT_OBJC_ISA_USAGE = YES_ERROR;
				CLANG_WARN_DOCUMENTATION_COMMENTS = YES;
				CLANG_WARN_EMPTY_BODY = YES;
				CLANG_WARN_ENUM_CONVERSION = YES;
				CLANG_WARN_INFINITE_RECURSION = YES;
				CLANG_WARN_INT_CONVERSION = YES;
				CLANG_WARN_NON_LITERAL_NULL_CONVERSION = YES;
				CLANG_WARN_OBJC_IMPLICIT_RETAIN_SELF = YES;
				CLANG_WARN_OBJC_LITERAL_CONVERSION = YES;
				CLANG_WARN_OBJC_ROOT_CLASS = YES_ERROR;
				CLANG_WARN_QUOTED_INCLUDE_IN_FRAMEWORK_HEADER = YES;
				CLANG_WARN_RANGE_LOOP_ANALYSIS = YES;
				CLANG_WARN_STRICT_PROTOTYPES = YES;
				CLANG_WARN_SUSPICIOUS_MOVE = YES;
				CLANG_WARN_UNGUARDED_AVAILABILITY = YES_AGGRESSIVE;
				CLANG_WARN_UNREACHABLE_CODE = YES;
				CLANG_WARN__DUPLICATE_METHOD_MATCH = YES;
				COPY_PHASE_STRIP = NO;
				DEBUG_INFORMATION_FORMAT = "dwarf-with-dsym";
				ENABLE_NS_ASSERTIONS = NO;
				ENABLE_STRICT_OBJC_MSGSEND = YES;
				ENABLE_USER_SCRIPT_SANDBOXING = YES;
				GCC_C_LANGUAGE_STANDARD = gnu17;
				GCC_NO_COMMON_BLOCKS = YES;
				GCC_WARN_64_TO_32_BIT_CONVERSION = YES;
				GCC_WARN_ABOUT_RETURN_TYPE = YES_ERROR;
				GCC_WARN_UNDECLARED_SELECTOR = YES;
				GCC_WARN_UNINITIALIZED_AUTOS = YES_AGGRESSIVE;
				GCC_WARN_UNUSED_FUNCTION = YES;
				GCC_WARN_UNUSED_VARIABLE = YES;
				IPHONEOS_DEPLOYMENT_TARGET = 17.4;
				LOCALIZATION_PREFERS_STRING_CATALOGS = YES;
				MTL_ENABLE_DEBUG_INFO = NO;
				MTL_FAST_MATH = YES;
				SDKROOT = iphoneos;
				SWIFT_COMPILATION_MODE = wholemodule;
				VALIDATE_PRODUCT = YES;
			};
			name = Release;
		};
		DB35954B2BA4FBEC008E8454 /* Debug */ = {
			isa = XCBuildConfiguration;
			buildSettings = {
				ASSETCATALOG_COMPILER_APPICON_NAME = AppIcon;
				ASSETCATALOG_COMPILER_GLOBAL_ACCENT_COLOR_NAME = AccentColor;
				CODE_SIGN_STYLE = Automatic;
				CURRENT_PROJECT_VERSION = 1;
				DEVELOPMENT_TEAM = ZQ9LR78J46;
				GENERATE_INFOPLIST_FILE = YES;
				INFOPLIST_FILE = "Meal Tracker/Info.plist";
				INFOPLIST_KEY_UIApplicationSupportsIndirectInputEvents = YES;
				INFOPLIST_KEY_UILaunchStoryboardName = LaunchScreen;
				INFOPLIST_KEY_UIMainStoryboardFile = Main;
				INFOPLIST_KEY_UISupportedInterfaceOrientations_iPad = "UIInterfaceOrientationPortrait UIInterfaceOrientationPortraitUpsideDown UIInterfaceOrientationLandscapeLeft UIInterfaceOrientationLandscapeRight";
				INFOPLIST_KEY_UISupportedInterfaceOrientations_iPhone = "UIInterfaceOrientationPortrait UIInterfaceOrientationLandscapeLeft UIInterfaceOrientationLandscapeRight";
				LD_RUNPATH_SEARCH_PATHS = (
					"$(inherited)",
					"@executable_path/Frameworks",
				);
				MARKETING_VERSION = 1.0;
				PRODUCT_BUNDLE_IDENTIFIER = "com.Cesar.Meal-Tracker";
				PRODUCT_NAME = "$(TARGET_NAME)";
				SWIFT_EMIT_LOC_STRINGS = YES;
				SWIFT_VERSION = 5.0;
				TARGETED_DEVICE_FAMILY = "1,2";
			};
			name = Debug;
		};
		DB35954C2BA4FBEC008E8454 /* Release */ = {
			isa = XCBuildConfiguration;
			buildSettings = {
				ASSETCATALOG_COMPILER_APPICON_NAME = AppIcon;
				ASSETCATALOG_COMPILER_GLOBAL_ACCENT_COLOR_NAME = AccentColor;
				CODE_SIGN_STYLE = Automatic;
				CURRENT_PROJECT_VERSION = 1;
				DEVELOPMENT_TEAM = ZQ9LR78J46;
				GENERATE_INFOPLIST_FILE = YES;
				INFOPLIST_FILE = "Meal Tracker/Info.plist";
				INFOPLIST_KEY_UIApplicationSupportsIndirectInputEvents = YES;
				INFOPLIST_KEY_UILaunchStoryboardName = LaunchScreen;
				INFOPLIST_KEY_UIMainStoryboardFile = Main;
				INFOPLIST_KEY_UISupportedInterfaceOrientations_iPad = "UIInterfaceOrientationPortrait UIInterfaceOrientationPortraitUpsideDown UIInterfaceOrientationLandscapeLeft UIInterfaceOrientationLandscapeRight";
				INFOPLIST_KEY_UISupportedInterfaceOrientations_iPhone = "UIInterfaceOrientationPortrait UIInterfaceOrientationLandscapeLeft UIInterfaceOrientationLandscapeRight";
				LD_RUNPATH_SEARCH_PATHS = (
					"$(inherited)",
					"@executable_path/Frameworks",
				);
				MARKETING_VERSION = 1.0;
				PRODUCT_BUNDLE_IDENTIFIER = "com.Cesar.Meal-Tracker";
				PRODUCT_NAME = "$(TARGET_NAME)";
				SWIFT_EMIT_LOC_STRINGS = YES;
				SWIFT_VERSION = 5.0;
				TARGETED_DEVICE_FAMILY = "1,2";
			};
			name = Release;
		};
		DB35954E2BA4FBEC008E8454 /* Debug */ = {
			isa = XCBuildConfiguration;
			buildSettings = {
				ALWAYS_EMBED_SWIFT_STANDARD_LIBRARIES = YES;
				BUNDLE_LOADER = "$(TEST_HOST)";
				CODE_SIGN_STYLE = Automatic;
				CURRENT_PROJECT_VERSION = 1;
				DEVELOPMENT_TEAM = ZQ9LR78J46;
				GENERATE_INFOPLIST_FILE = YES;
				IPHONEOS_DEPLOYMENT_TARGET = 17.4;
				MARKETING_VERSION = 1.0;
				PRODUCT_BUNDLE_IDENTIFIER = "com.Cesar.Meal-TrackerTests";
				PRODUCT_NAME = "$(TARGET_NAME)";
				SWIFT_EMIT_LOC_STRINGS = NO;
				SWIFT_VERSION = 5.0;
				TARGETED_DEVICE_FAMILY = "1,2";
				TEST_HOST = "$(BUILT_PRODUCTS_DIR)/Meal Tracker.app/$(BUNDLE_EXECUTABLE_FOLDER_PATH)/Meal Tracker";
			};
			name = Debug;
		};
		DB35954F2BA4FBEC008E8454 /* Release */ = {
			isa = XCBuildConfiguration;
			buildSettings = {
				ALWAYS_EMBED_SWIFT_STANDARD_LIBRARIES = YES;
				BUNDLE_LOADER = "$(TEST_HOST)";
				CODE_SIGN_STYLE = Automatic;
				CURRENT_PROJECT_VERSION = 1;
				DEVELOPMENT_TEAM = ZQ9LR78J46;
				GENERATE_INFOPLIST_FILE = YES;
				IPHONEOS_DEPLOYMENT_TARGET = 17.4;
				MARKETING_VERSION = 1.0;
				PRODUCT_BUNDLE_IDENTIFIER = "com.Cesar.Meal-TrackerTests";
				PRODUCT_NAME = "$(TARGET_NAME)";
				SWIFT_EMIT_LOC_STRINGS = NO;
				SWIFT_VERSION = 5.0;
				TARGETED_DEVICE_FAMILY = "1,2";
				TEST_HOST = "$(BUILT_PRODUCTS_DIR)/Meal Tracker.app/$(BUNDLE_EXECUTABLE_FOLDER_PATH)/Meal Tracker";
			};
			name = Release;
		};
		DB3595512BA4FBEC008E8454 /* Debug */ = {
			isa = XCBuildConfiguration;
			buildSettings = {
				ALWAYS_EMBED_SWIFT_STANDARD_LIBRARIES = YES;
				CODE_SIGN_STYLE = Automatic;
				CURRENT_PROJECT_VERSION = 1;
				DEVELOPMENT_TEAM = ZQ9LR78J46;
				GENERATE_INFOPLIST_FILE = YES;
				MARKETING_VERSION = 1.0;
				PRODUCT_BUNDLE_IDENTIFIER = "com.Cesar.Meal-TrackerUITests";
				PRODUCT_NAME = "$(TARGET_NAME)";
				SWIFT_EMIT_LOC_STRINGS = NO;
				SWIFT_VERSION = 5.0;
				TARGETED_DEVICE_FAMILY = "1,2";
				TEST_TARGET_NAME = "Meal Tracker";
			};
			name = Debug;
		};
		DB3595522BA4FBEC008E8454 /* Release */ = {
			isa = XCBuildConfiguration;
			buildSettings = {
				ALWAYS_EMBED_SWIFT_STANDARD_LIBRARIES = YES;
				CODE_SIGN_STYLE = Automatic;
				CURRENT_PROJECT_VERSION = 1;
				DEVELOPMENT_TEAM = ZQ9LR78J46;
				GENERATE_INFOPLIST_FILE = YES;
				MARKETING_VERSION = 1.0;
				PRODUCT_BUNDLE_IDENTIFIER = "com.Cesar.Meal-TrackerUITests";
				PRODUCT_NAME = "$(TARGET_NAME)";
				SWIFT_EMIT_LOC_STRINGS = NO;
				SWIFT_VERSION = 5.0;
				TARGETED_DEVICE_FAMILY = "1,2";
				TEST_TARGET_NAME = "Meal Tracker";
			};
			name = Release;
		};
/* End XCBuildConfiguration section */

/* Begin XCConfigurationList section */
		DB35951B2BA4FBEA008E8454 /* Build configuration list for PBXProject "Meal Tracker" */ = {
			isa = XCConfigurationList;
			buildConfigurations = (
				DB3595482BA4FBEC008E8454 /* Debug */,
				DB3595492BA4FBEC008E8454 /* Release */,
			);
			defaultConfigurationIsVisible = 0;
			defaultConfigurationName = Release;
		};
		DB35954A2BA4FBEC008E8454 /* Build configuration list for PBXNativeTarget "Meal Tracker" */ = {
			isa = XCConfigurationList;
			buildConfigurations = (
				DB35954B2BA4FBEC008E8454 /* Debug */,
				DB35954C2BA4FBEC008E8454 /* Release */,
			);
			defaultConfigurationIsVisible = 0;
			defaultConfigurationName = Release;
		};
		DB35954D2BA4FBEC008E8454 /* Build configuration list for PBXNativeTarget "Meal TrackerTests" */ = {
			isa = XCConfigurationList;
			buildConfigurations = (
				DB35954E2BA4FBEC008E8454 /* Debug */,
				DB35954F2BA4FBEC008E8454 /* Release */,
			);
			defaultConfigurationIsVisible = 0;
			defaultConfigurationName = Release;
		};
		DB3595502BA4FBEC008E8454 /* Build configuration list for PBXNativeTarget "Meal TrackerUITests" */ = {
			isa = XCConfigurationList;
			buildConfigurations = (
				DB3595512BA4FBEC008E8454 /* Debug */,
				DB3595522BA4FBEC008E8454 /* Release */,
			);
			defaultConfigurationIsVisible = 0;
			defaultConfigurationName = Release;
		};
/* End XCConfigurationList section */
	};
	rootObject = DB3595182BA4FBEA008E8454 /* Project object */;
}
